// !$*UTF8*$!
{
	archiveVersion = 1;
	classes = {
	};
	objectVersion = 46;
	objects = {

/* Begin PBXBuildFile section */
		F40ECF0C1CBD37CB00890FA7 /* Foundation.framework in Frameworks */ = {isa = PBXBuildFile; fileRef = F40ECF0B1CBD37CB00890FA7 /* Foundation.framework */; };
		F40ECF0E1CBD37CB00890FA7 /* CoreGraphics.framework in Frameworks */ = {isa = PBXBuildFile; fileRef = F40ECF0D1CBD37CB00890FA7 /* CoreGraphics.framework */; };
		F40ECF101CBD37CB00890FA7 /* UIKit.framework in Frameworks */ = {isa = PBXBuildFile; fileRef = F40ECF0F1CBD37CB00890FA7 /* UIKit.framework */; };
		F40ECF161CBD37CB00890FA7 /* InfoPlist.strings in Resources */ = {isa = PBXBuildFile; fileRef = F40ECF141CBD37CB00890FA7 /* InfoPlist.strings */; };
		F40ECF181CBD37CB00890FA7 /* main.m in Sources */ = {isa = PBXBuildFile; fileRef = F40ECF171CBD37CB00890FA7 /* main.m */; };
		F40ECF1C1CBD37CB00890FA7 /* AppDelegate.m in Sources */ = {isa = PBXBuildFile; fileRef = F40ECF1B1CBD37CB00890FA7 /* AppDelegate.m */; };
		F40ECF1E1CBD37CB00890FA7 /* Images.xcassets in Resources */ = {isa = PBXBuildFile; fileRef = F40ECF1D1CBD37CB00890FA7 /* Images.xcassets */; };
		F40ECF251CBD37CB00890FA7 /* XCTest.framework in Frameworks */ = {isa = PBXBuildFile; fileRef = F40ECF241CBD37CB00890FA7 /* XCTest.framework */; };
		F40ECF261CBD37CB00890FA7 /* Foundation.framework in Frameworks */ = {isa = PBXBuildFile; fileRef = F40ECF0B1CBD37CB00890FA7 /* Foundation.framework */; };
		F40ECF271CBD37CB00890FA7 /* UIKit.framework in Frameworks */ = {isa = PBXBuildFile; fileRef = F40ECF0F1CBD37CB00890FA7 /* UIKit.framework */; };
		F40ECF2F1CBD37CB00890FA7 /* InfoPlist.strings in Resources */ = {isa = PBXBuildFile; fileRef = F40ECF2D1CBD37CB00890FA7 /* InfoPlist.strings */; };
		F40ECF311CBD37CB00890FA7 /* HitMouseGameTestTests.m in Sources */ = {isa = PBXBuildFile; fileRef = F40ECF301CBD37CB00890FA7 /* HitMouseGameTestTests.m */; };
		F40ECF3D1CBD37E000890FA7 /* RootViewController.m in Sources */ = {isa = PBXBuildFile; fileRef = F40ECF3B1CBD37E000890FA7 /* RootViewController.m */; };
		F40ECF3E1CBD37E000890FA7 /* RootViewController.xib in Resources */ = {isa = PBXBuildFile; fileRef = F40ECF3C1CBD37E000890FA7 /* RootViewController.xib */; };
		F40ECF5A1CBD388F00890FA7 /* 3.png in Resources */ = {isa = PBXBuildFile; fileRef = F40ECF401CBD388F00890FA7 /* 3.png */; };
		F40ECF5B1CBD388F00890FA7 /* 4.png in Resources */ = {isa = PBXBuildFile; fileRef = F40ECF411CBD388F00890FA7 /* 4.png */; };
		F40ECF5C1CBD388F00890FA7 /* b0.png in Resources */ = {isa = PBXBuildFile; fileRef = F40ECF421CBD388F00890FA7 /* b0.png */; };
		F40ECF5D1CBD388F00890FA7 /* b1.png in Resources */ = {isa = PBXBuildFile; fileRef = F40ECF431CBD388F00890FA7 /* b1.png */; };
		F40ECF5E1CBD388F00890FA7 /* b2.png in Resources */ = {isa = PBXBuildFile; fileRef = F40ECF441CBD388F00890FA7 /* b2.png */; };
		F40ECF5F1CBD388F00890FA7 /* b3.png in Resources */ = {isa = PBXBuildFile; fileRef = F40ECF451CBD388F00890FA7 /* b3.png */; };
		F40ECF601CBD388F00890FA7 /* b4.png in Resources */ = {isa = PBXBuildFile; fileRef = F40ECF461CBD388F00890FA7 /* b4.png */; };
		F40ECF611CBD388F00890FA7 /* b5.png in Resources */ = {isa = PBXBuildFile; fileRef = F40ECF471CBD388F00890FA7 /* b5.png */; };
		F40ECF621CBD388F00890FA7 /* b6.png in Resources */ = {isa = PBXBuildFile; fileRef = F40ECF481CBD388F00890FA7 /* b6.png */; };
		F40ECF631CBD388F00890FA7 /* chuizi.png in Resources */ = {isa = PBXBuildFile; fileRef = F40ECF491CBD388F00890FA7 /* chuizi.png */; };
		F40ECF641CBD388F00890FA7 /* dadishu.jpg in Resources */ = {isa = PBXBuildFile; fileRef = F40ECF4A1CBD388F00890FA7 /* dadishu.jpg */; };
		F40ECF651CBD388F00890FA7 /* ds0.png in Resources */ = {isa = PBXBuildFile; fileRef = F40ECF4B1CBD388F00890FA7 /* ds0.png */; };
		F40ECF661CBD388F00890FA7 /* ds1.png in Resources */ = {isa = PBXBuildFile; fileRef = F40ECF4C1CBD388F00890FA7 /* ds1.png */; };
		F40ECF671CBD388F00890FA7 /* ds2.png in Resources */ = {isa = PBXBuildFile; fileRef = F40ECF4D1CBD388F00890FA7 /* ds2.png */; };
		F40ECF681CBD388F00890FA7 /* ds3.png in Resources */ = {isa = PBXBuildFile; fileRef = F40ECF4E1CBD388F00890FA7 /* ds3.png */; };
		F40ECF691CBD388F00890FA7 /* ds4.png in Resources */ = {isa = PBXBuildFile; fileRef = F40ECF4F1CBD388F00890FA7 /* ds4.png */; };
		F40ECF6A1CBD388F00890FA7 /* icon.png in Resources */ = {isa = PBXBuildFile; fileRef = F40ECF501CBD388F00890FA7 /* icon.png */; };
		F40ECF6B1CBD388F00890FA7 /* ks.jpg in Resources */ = {isa = PBXBuildFile; fileRef = F40ECF511CBD388F00890FA7 /* ks.jpg */; };
		F40ECF6C1CBD388F00890FA7 /* music.png in Resources */ = {isa = PBXBuildFile; fileRef = F40ECF521CBD388F00890FA7 /* music.png */; };
		F40ECF6D1CBD388F00890FA7 /* stop.png in Resources */ = {isa = PBXBuildFile; fileRef = F40ECF531CBD388F00890FA7 /* stop.png */; };
		F40ECF6E1CBD388F00890FA7 /* ys0.png in Resources */ = {isa = PBXBuildFile; fileRef = F40ECF541CBD388F00890FA7 /* ys0.png */; };
		F40ECF6F1CBD388F00890FA7 /* ys1.png in Resources */ = {isa = PBXBuildFile; fileRef = F40ECF551CBD388F00890FA7 /* ys1.png */; };
		F40ECF701CBD388F00890FA7 /* ys2.png in Resources */ = {isa = PBXBuildFile; fileRef = F40ECF561CBD388F00890FA7 /* ys2.png */; };
		F40ECF711CBD388F00890FA7 /* z.jpg in Resources */ = {isa = PBXBuildFile; fileRef = F40ECF571CBD388F00890FA7 /* z.jpg */; };
		F40ECF721CBD388F00890FA7 /* 森林.mp3 in Resources */ = {isa = PBXBuildFile; fileRef = F40ECF581CBD388F00890FA7 /* 森林.mp3 */; };
		F40ECF731CBD388F00890FA7 /* 爆炸.mp3 in Resources */ = {isa = PBXBuildFile; fileRef = F40ECF591CBD388F00890FA7 /* 爆炸.mp3 */; };
		F40ECF771CBD3ADC00890FA7 /* GameViewController.m in Sources */ = {isa = PBXBuildFile; fileRef = F40ECF751CBD3ADC00890FA7 /* GameViewController.m */; };
		F40ECF781CBD3ADC00890FA7 /* GameViewController.xib in Resources */ = {isa = PBXBuildFile; fileRef = F40ECF761CBD3ADC00890FA7 /* GameViewController.xib */; };
/* End PBXBuildFile section */

/* Begin PBXContainerItemProxy section */
		F40ECF281CBD37CB00890FA7 /* PBXContainerItemProxy */ = {
			isa = PBXContainerItemProxy;
			containerPortal = F40ECF001CBD37CB00890FA7 /* Project object */;
			proxyType = 1;
			remoteGlobalIDString = F40ECF071CBD37CB00890FA7;
			remoteInfo = HitMouseGameTest;
		};
/* End PBXContainerItemProxy section */

/* Begin PBXFileReference section */
		F40ECF081CBD37CB00890FA7 /* HitMouseGameTest.app */ = {isa = PBXFileReference; explicitFileType = wrapper.application; includeInIndex = 0; path = HitMouseGameTest.app; sourceTree = BUILT_PRODUCTS_DIR; };
		F40ECF0B1CBD37CB00890FA7 /* Foundation.framework */ = {isa = PBXFileReference; lastKnownFileType = wrapper.framework; name = Foundation.framework; path = System/Library/Frameworks/Foundation.framework; sourceTree = SDKROOT; };
		F40ECF0D1CBD37CB00890FA7 /* CoreGraphics.framework */ = {isa = PBXFileReference; lastKnownFileType = wrapper.framework; name = CoreGraphics.framework; path = System/Library/Frameworks/CoreGraphics.framework; sourceTree = SDKROOT; };
		F40ECF0F1CBD37CB00890FA7 /* UIKit.framework */ = {isa = PBXFileReference; lastKnownFileType = wrapper.framework; name = UIKit.framework; path = System/Library/Frameworks/UIKit.framework; sourceTree = SDKROOT; };
		F40ECF131CBD37CB00890FA7 /* HitMouseGameTest-Info.plist */ = {isa = PBXFileReference; lastKnownFileType = text.plist.xml; path = "HitMouseGameTest-Info.plist"; sourceTree = "<group>"; };
		F40ECF151CBD37CB00890FA7 /* en */ = {isa = PBXFileReference; lastKnownFileType = text.plist.strings; name = en; path = en.lproj/InfoPlist.strings; sourceTree = "<group>"; };
		F40ECF171CBD37CB00890FA7 /* main.m */ = {isa = PBXFileReference; lastKnownFileType = sourcecode.c.objc; path = main.m; sourceTree = "<group>"; };
		F40ECF191CBD37CB00890FA7 /* HitMouseGameTest-Prefix.pch */ = {isa = PBXFileReference; lastKnownFileType = sourcecode.c.h; path = "HitMouseGameTest-Prefix.pch"; sourceTree = "<group>"; };
		F40ECF1A1CBD37CB00890FA7 /* AppDelegate.h */ = {isa = PBXFileReference; lastKnownFileType = sourcecode.c.h; path = AppDelegate.h; sourceTree = "<group>"; };
		F40ECF1B1CBD37CB00890FA7 /* AppDelegate.m */ = {isa = PBXFileReference; lastKnownFileType = sourcecode.c.objc; path = AppDelegate.m; sourceTree = "<group>"; };
		F40ECF1D1CBD37CB00890FA7 /* Images.xcassets */ = {isa = PBXFileReference; lastKnownFileType = folder.assetcatalog; path = Images.xcassets; sourceTree = "<group>"; };
		F40ECF231CBD37CB00890FA7 /* HitMouseGameTestTests.xctest */ = {isa = PBXFileReference; explicitFileType = wrapper.cfbundle; includeInIndex = 0; path = HitMouseGameTestTests.xctest; sourceTree = BUILT_PRODUCTS_DIR; };
		F40ECF241CBD37CB00890FA7 /* XCTest.framework */ = {isa = PBXFileReference; lastKnownFileType = wrapper.framework; name = XCTest.framework; path = Library/Frameworks/XCTest.framework; sourceTree = DEVELOPER_DIR; };
		F40ECF2C1CBD37CB00890FA7 /* HitMouseGameTestTests-Info.plist */ = {isa = PBXFileReference; lastKnownFileType = text.plist.xml; path = "HitMouseGameTestTests-Info.plist"; sourceTree = "<group>"; };
		F40ECF2E1CBD37CB00890FA7 /* en */ = {isa = PBXFileReference; lastKnownFileType = text.plist.strings; name = en; path = en.lproj/InfoPlist.strings; sourceTree = "<group>"; };
		F40ECF301CBD37CB00890FA7 /* HitMouseGameTestTests.m */ = {isa = PBXFileReference; lastKnownFileType = sourcecode.c.objc; path = HitMouseGameTestTests.m; sourceTree = "<group>"; };
		F40ECF3A1CBD37E000890FA7 /* RootViewController.h */ = {isa = PBXFileReference; fileEncoding = 4; lastKnownFileType = sourcecode.c.h; path = RootViewController.h; sourceTree = "<group>"; };
		F40ECF3B1CBD37E000890FA7 /* RootViewController.m */ = {isa = PBXFileReference; fileEncoding = 4; lastKnownFileType = sourcecode.c.objc; path = RootViewController.m; sourceTree = "<group>"; };
		F40ECF3C1CBD37E000890FA7 /* RootViewController.xib */ = {isa = PBXFileReference; fileEncoding = 4; lastKnownFileType = file.xib; path = RootViewController.xib; sourceTree = "<group>"; };
		F40ECF401CBD388F00890FA7 /* 3.png */ = {isa = PBXFileReference; lastKnownFileType = image.png; path = 3.png; sourceTree = "<group>"; };
		F40ECF411CBD388F00890FA7 /* 4.png */ = {isa = PBXFileReference; lastKnownFileType = image.png; path = 4.png; sourceTree = "<group>"; };
		F40ECF421CBD388F00890FA7 /* b0.png */ = {isa = PBXFileReference; lastKnownFileType = image.png; path = b0.png; sourceTree = "<group>"; };
		F40ECF431CBD388F00890FA7 /* b1.png */ = {isa = PBXFileReference; lastKnownFileType = image.png; path = b1.png; sourceTree = "<group>"; };
		F40ECF441CBD388F00890FA7 /* b2.png */ = {isa = PBXFileReference; lastKnownFileType = image.png; path = b2.png; sourceTree = "<group>"; };
		F40ECF451CBD388F00890FA7 /* b3.png */ = {isa = PBXFileReference; lastKnownFileType = image.png; path = b3.png; sourceTree = "<group>"; };
		F40ECF461CBD388F00890FA7 /* b4.png */ = {isa = PBXFileReference; lastKnownFileType = image.png; path = b4.png; sourceTree = "<group>"; };
		F40ECF471CBD388F00890FA7 /* b5.png */ = {isa = PBXFileReference; lastKnownFileType = image.png; path = b5.png; sourceTree = "<group>"; };
		F40ECF481CBD388F00890FA7 /* b6.png */ = {isa = PBXFileReference; lastKnownFileType = image.png; path = b6.png; sourceTree = "<group>"; };
		F40ECF491CBD388F00890FA7 /* chuizi.png */ = {isa = PBXFileReference; lastKnownFileType = image.png; path = chuizi.png; sourceTree = "<group>"; };
		F40ECF4A1CBD388F00890FA7 /* dadishu.jpg */ = {isa = PBXFileReference; lastKnownFileType = image.jpeg; path = dadishu.jpg; sourceTree = "<group>"; };
		F40ECF4B1CBD388F00890FA7 /* ds0.png */ = {isa = PBXFileReference; lastKnownFileType = image.png; path = ds0.png; sourceTree = "<group>"; };
		F40ECF4C1CBD388F00890FA7 /* ds1.png */ = {isa = PBXFileReference; lastKnownFileType = image.png; path = ds1.png; sourceTree = "<group>"; };
		F40ECF4D1CBD388F00890FA7 /* ds2.png */ = {isa = PBXFileReference; lastKnownFileType = image.png; path = ds2.png; sourceTree = "<group>"; };
		F40ECF4E1CBD388F00890FA7 /* ds3.png */ = {isa = PBXFileReference; lastKnownFileType = image.png; path = ds3.png; sourceTree = "<group>"; };
		F40ECF4F1CBD388F00890FA7 /* ds4.png */ = {isa = PBXFileReference; lastKnownFileType = image.png; path = ds4.png; sourceTree = "<group>"; };
		F40ECF501CBD388F00890FA7 /* icon.png */ = {isa = PBXFileReference; lastKnownFileType = image.png; path = icon.png; sourceTree = "<group>"; };
		F40ECF511CBD388F00890FA7 /* ks.jpg */ = {isa = PBXFileReference; lastKnownFileType = image.jpeg; path = ks.jpg; sourceTree = "<group>"; };
		F40ECF521CBD388F00890FA7 /* music.png */ = {isa = PBXFileReference; lastKnownFileType = image.png; path = music.png; sourceTree = "<group>"; };
		F40ECF531CBD388F00890FA7 /* stop.png */ = {isa = PBXFileReference; lastKnownFileType = image.png; path = stop.png; sourceTree = "<group>"; };
		F40ECF541CBD388F00890FA7 /* ys0.png */ = {isa = PBXFileReference; lastKnownFileType = image.png; path = ys0.png; sourceTree = "<group>"; };
		F40ECF551CBD388F00890FA7 /* ys1.png */ = {isa = PBXFileReference; lastKnownFileType = image.png; path = ys1.png; sourceTree = "<group>"; };
		F40ECF561CBD388F00890FA7 /* ys2.png */ = {isa = PBXFileReference; lastKnownFileType = image.png; path = ys2.png; sourceTree = "<group>"; };
		F40ECF571CBD388F00890FA7 /* z.jpg */ = {isa = PBXFileReference; lastKnownFileType = image.jpeg; path = z.jpg; sourceTree = "<group>"; };
		F40ECF581CBD388F00890FA7 /* 森林.mp3 */ = {isa = PBXFileReference; lastKnownFileType = audio.mp3; path = "森林.mp3"; sourceTree = "<group>"; };
		F40ECF591CBD388F00890FA7 /* 爆炸.mp3 */ = {isa = PBXFileReference; lastKnownFileType = audio.mp3; path = "爆炸.mp3"; sourceTree = "<group>"; };
		F40ECF741CBD3ADC00890FA7 /* GameViewController.h */ = {isa = PBXFileReference; fileEncoding = 4; lastKnownFileType = sourcecode.c.h; path = GameViewController.h; sourceTree = "<group>"; };
		F40ECF751CBD3ADC00890FA7 /* GameViewController.m */ = {isa = PBXFileReference; fileEncoding = 4; lastKnownFileType = sourcecode.c.objc; path = GameViewController.m; sourceTree = "<group>"; };
		F40ECF761CBD3ADC00890FA7 /* GameViewController.xib */ = {isa = PBXFileReference; fileEncoding = 4; lastKnownFileType = file.xib; path = GameViewController.xib; sourceTree = "<group>"; };
/* End PBXFileReference section */

/* Begin PBXFrameworksBuildPhase section */
		F40ECF051CBD37CB00890FA7 /* Frameworks */ = {
			isa = PBXFrameworksBuildPhase;
			buildActionMask = 2147483647;
			files = (
				F40ECF0E1CBD37CB00890FA7 /* CoreGraphics.framework in Frameworks */,
				F40ECF101CBD37CB00890FA7 /* UIKit.framework in Frameworks */,
				F40ECF0C1CBD37CB00890FA7 /* Foundation.framework in Frameworks */,
			);
			runOnlyForDeploymentPostprocessing = 0;
		};
		F40ECF201CBD37CB00890FA7 /* Frameworks */ = {
			isa = PBXFrameworksBuildPhase;
			buildActionMask = 2147483647;
			files = (
				F40ECF251CBD37CB00890FA7 /* XCTest.framework in Frameworks */,
				F40ECF271CBD37CB00890FA7 /* UIKit.framework in Frameworks */,
				F40ECF261CBD37CB00890FA7 /* Foundation.framework in Frameworks */,
			);
			runOnlyForDeploymentPostprocessing = 0;
		};
/* End PBXFrameworksBuildPhase section */

/* Begin PBXGroup section */
		F40ECEFF1CBD37CB00890FA7 = {
			isa = PBXGroup;
			children = (
				F40ECF111CBD37CB00890FA7 /* HitMouseGameTest */,
				F40ECF2A1CBD37CB00890FA7 /* HitMouseGameTestTests */,
				F40ECF0A1CBD37CB00890FA7 /* Frameworks */,
				F40ECF091CBD37CB00890FA7 /* Products */,
			);
			sourceTree = "<group>";
		};
		F40ECF091CBD37CB00890FA7 /* Products */ = {
			isa = PBXGroup;
			children = (
				F40ECF081CBD37CB00890FA7 /* HitMouseGameTest.app */,
				F40ECF231CBD37CB00890FA7 /* HitMouseGameTestTests.xctest */,
			);
			name = Products;
			sourceTree = "<group>";
		};
		F40ECF0A1CBD37CB00890FA7 /* Frameworks */ = {
			isa = PBXGroup;
			children = (
				F40ECF0B1CBD37CB00890FA7 /* Foundation.framework */,
				F40ECF0D1CBD37CB00890FA7 /* CoreGraphics.framework */,
				F40ECF0F1CBD37CB00890FA7 /* UIKit.framework */,
				F40ECF241CBD37CB00890FA7 /* XCTest.framework */,
			);
			name = Frameworks;
			sourceTree = "<group>";
		};
		F40ECF111CBD37CB00890FA7 /* HitMouseGameTest */ = {
			isa = PBXGroup;
			children = (
				F40ECF3F1CBD388F00890FA7 /* Mouse */,
				F40ECF1A1CBD37CB00890FA7 /* AppDelegate.h */,
				F40ECF1B1CBD37CB00890FA7 /* AppDelegate.m */,
				F40ECF3A1CBD37E000890FA7 /* RootViewController.h */,
				F40ECF3B1CBD37E000890FA7 /* RootViewController.m */,
				F40ECF3C1CBD37E000890FA7 /* RootViewController.xib */,
				F40ECF741CBD3ADC00890FA7 /* GameViewController.h */,
				F40ECF751CBD3ADC00890FA7 /* GameViewController.m */,
				F40ECF761CBD3ADC00890FA7 /* GameViewController.xib */,
				F40ECF1D1CBD37CB00890FA7 /* Images.xcassets */,
				F40ECF121CBD37CB00890FA7 /* Supporting Files */,
			);
			path = HitMouseGameTest;
			sourceTree = "<group>";
		};
		F40ECF121CBD37CB00890FA7 /* Supporting Files */ = {
			isa = PBXGroup;
			children = (
				F40ECF131CBD37CB00890FA7 /* HitMouseGameTest-Info.plist */,
				F40ECF141CBD37CB00890FA7 /* InfoPlist.strings */,
				F40ECF171CBD37CB00890FA7 /* main.m */,
				F40ECF191CBD37CB00890FA7 /* HitMouseGameTest-Prefix.pch */,
			);
			name = "Supporting Files";
			sourceTree = "<group>";
		};
		F40ECF2A1CBD37CB00890FA7 /* HitMouseGameTestTests */ = {
			isa = PBXGroup;
			children = (
				F40ECF301CBD37CB00890FA7 /* HitMouseGameTestTests.m */,
				F40ECF2B1CBD37CB00890FA7 /* Supporting Files */,
			);
			path = HitMouseGameTestTests;
			sourceTree = "<group>";
		};
		F40ECF2B1CBD37CB00890FA7 /* Supporting Files */ = {
			isa = PBXGroup;
			children = (
				F40ECF2C1CBD37CB00890FA7 /* HitMouseGameTestTests-Info.plist */,
				F40ECF2D1CBD37CB00890FA7 /* InfoPlist.strings */,
			);
			name = "Supporting Files";
			sourceTree = "<group>";
		};
		F40ECF3F1CBD388F00890FA7 /* Mouse */ = {
			isa = PBXGroup;
			children = (
				F40ECF401CBD388F00890FA7 /* 3.png */,
				F40ECF411CBD388F00890FA7 /* 4.png */,
				F40ECF421CBD388F00890FA7 /* b0.png */,
				F40ECF431CBD388F00890FA7 /* b1.png */,
				F40ECF441CBD388F00890FA7 /* b2.png */,
				F40ECF451CBD388F00890FA7 /* b3.png */,
				F40ECF461CBD388F00890FA7 /* b4.png */,
				F40ECF471CBD388F00890FA7 /* b5.png */,
				F40ECF481CBD388F00890FA7 /* b6.png */,
				F40ECF491CBD388F00890FA7 /* chuizi.png */,
				F40ECF4A1CBD388F00890FA7 /* dadishu.jpg */,
				F40ECF4B1CBD388F00890FA7 /* ds0.png */,
				F40ECF4C1CBD388F00890FA7 /* ds1.png */,
				F40ECF4D1CBD388F00890FA7 /* ds2.png */,
				F40ECF4E1CBD388F00890FA7 /* ds3.png */,
				F40ECF4F1CBD388F00890FA7 /* ds4.png */,
				F40ECF501CBD388F00890FA7 /* icon.png */,
				F40ECF511CBD388F00890FA7 /* ks.jpg */,
				F40ECF521CBD388F00890FA7 /* music.png */,
				F40ECF531CBD388F00890FA7 /* stop.png */,
				F40ECF541CBD388F00890FA7 /* ys0.png */,
				F40ECF551CBD388F00890FA7 /* ys1.png */,
				F40ECF561CBD388F00890FA7 /* ys2.png */,
				F40ECF571CBD388F00890FA7 /* z.jpg */,
				F40ECF581CBD388F00890FA7 /* 森林.mp3 */,
				F40ECF591CBD388F00890FA7 /* 爆炸.mp3 */,
			);
			path = Mouse;
			sourceTree = "<group>";
		};
/* End PBXGroup section */

/* Begin PBXNativeTarget section */
		F40ECF071CBD37CB00890FA7 /* HitMouseGameTest */ = {
			isa = PBXNativeTarget;
			buildConfigurationList = F40ECF341CBD37CB00890FA7 /* Build configuration list for PBXNativeTarget "HitMouseGameTest" */;
			buildPhases = (
				F40ECF041CBD37CB00890FA7 /* Sources */,
				F40ECF051CBD37CB00890FA7 /* Frameworks */,
				F40ECF061CBD37CB00890FA7 /* Resources */,
			);
			buildRules = (
			);
			dependencies = (
			);
			name = HitMouseGameTest;
			productName = HitMouseGameTest;
			productReference = F40ECF081CBD37CB00890FA7 /* HitMouseGameTest.app */;
			productType = "com.apple.product-type.application";
		};
		F40ECF221CBD37CB00890FA7 /* HitMouseGameTestTests */ = {
			isa = PBXNativeTarget;
			buildConfigurationList = F40ECF371CBD37CB00890FA7 /* Build configuration list for PBXNativeTarget "HitMouseGameTestTests" */;
			buildPhases = (
				F40ECF1F1CBD37CB00890FA7 /* Sources */,
				F40ECF201CBD37CB00890FA7 /* Frameworks */,
				F40ECF211CBD37CB00890FA7 /* Resources */,
			);
			buildRules = (
			);
			dependencies = (
				F40ECF291CBD37CB00890FA7 /* PBXTargetDependency */,
			);
			name = HitMouseGameTestTests;
			productName = HitMouseGameTestTests;
			productReference = F40ECF231CBD37CB00890FA7 /* HitMouseGameTestTests.xctest */;
			productType = "com.apple.product-type.bundle.unit-test";
		};
/* End PBXNativeTarget section */

/* Begin PBXProject section */
		F40ECF001CBD37CB00890FA7 /* Project object */ = {
			isa = PBXProject;
			attributes = {
				LastUpgradeCheck = 0510;
				ORGANIZATIONNAME = Earl;
				TargetAttributes = {
					F40ECF221CBD37CB00890FA7 = {
						TestTargetID = F40ECF071CBD37CB00890FA7;
					};
				};
			};
			buildConfigurationList = F40ECF031CBD37CB00890FA7 /* Build configuration list for PBXProject "HitMouseGameTest" */;
			compatibilityVersion = "Xcode 3.2";
			developmentRegion = English;
			hasScannedForEncodings = 0;
			knownRegions = (
				en,
			);
			mainGroup = F40ECEFF1CBD37CB00890FA7;
			productRefGroup = F40ECF091CBD37CB00890FA7 /* Products */;
			projectDirPath = "";
			projectRoot = "";
			targets = (
				F40ECF071CBD37CB00890FA7 /* HitMouseGameTest */,
				F40ECF221CBD37CB00890FA7 /* HitMouseGameTestTests */,
			);
		};
/* End PBXProject section */

/* Begin PBXResourcesBuildPhase section */
		F40ECF061CBD37CB00890FA7 /* Resources */ = {
			isa = PBXResourcesBuildPhase;
			buildActionMask = 2147483647;
			files = (
				F40ECF701CBD388F00890FA7 /* ys2.png in Resources */,
				F40ECF5F1CBD388F00890FA7 /* b3.png in Resources */,
				F40ECF6B1CBD388F00890FA7 /* ks.jpg in Resources */,
				F40ECF161CBD37CB00890FA7 /* InfoPlist.strings in Resources */,
				F40ECF671CBD388F00890FA7 /* ds2.png in Resources */,
				F40ECF661CBD388F00890FA7 /* ds1.png in Resources */,
				F40ECF6C1CBD388F00890FA7 /* music.png in Resources */,
				F40ECF6E1CBD388F00890FA7 /* ys0.png in Resources */,
				F40ECF1E1CBD37CB00890FA7 /* Images.xcassets in Resources */,
				F40ECF6F1CBD388F00890FA7 /* ys1.png in Resources */,
				F40ECF651CBD388F00890FA7 /* ds0.png in Resources */,
				F40ECF681CBD388F00890FA7 /* ds3.png in Resources */,
				F40ECF711CBD388F00890FA7 /* z.jpg in Resources */,
				F40ECF3E1CBD37E000890FA7 /* RootViewController.xib in Resources */,
				F40ECF781CBD3ADC00890FA7 /* GameViewController.xib in Resources */,
				F40ECF631CBD388F00890FA7 /* chuizi.png in Resources */,
				F40ECF5C1CBD388F00890FA7 /* b0.png in Resources */,
				F40ECF611CBD388F00890FA7 /* b5.png in Resources */,
				F40ECF601CBD388F00890FA7 /* b4.png in Resources */,
				F40ECF5B1CBD388F00890FA7 /* 4.png in Resources */,
				F40ECF5E1CBD388F00890FA7 /* b2.png in Resources */,
				F40ECF691CBD388F00890FA7 /* ds4.png in Resources */,
				F40ECF731CBD388F00890FA7 /* 爆炸.mp3 in Resources */,
				F40ECF721CBD388F00890FA7 /* 森林.mp3 in Resources */,
				F40ECF621CBD388F00890FA7 /* b6.png in Resources */,
				F40ECF6A1CBD388F00890FA7 /* icon.png in Resources */,
				F40ECF5D1CBD388F00890FA7 /* b1.png in Resources */,
				F40ECF641CBD388F00890FA7 /* dadishu.jpg in Resources */,
				F40ECF5A1CBD388F00890FA7 /* 3.png in Resources */,
				F40ECF6D1CBD388F00890FA7 /* stop.png in Resources */,
			);
			runOnlyForDeploymentPostprocessing = 0;
		};
		F40ECF211CBD37CB00890FA7 /* Resources */ = {
			isa = PBXResourcesBuildPhase;
			buildActionMask = 2147483647;
			files = (
				F40ECF2F1CBD37CB00890FA7 /* InfoPlist.strings in Resources */,
			);
			runOnlyForDeploymentPostprocessing = 0;
		};
/* End PBXResourcesBuildPhase section */

/* Begin PBXSourcesBuildPhase section */
		F40ECF041CBD37CB00890FA7 /* Sources */ = {
			isa = PBXSourcesBuildPhase;
			buildActionMask = 2147483647;
			files = (
				F40ECF771CBD3ADC00890FA7 /* GameViewController.m in Sources */,
				F40ECF1C1CBD37CB00890FA7 /* AppDelegate.m in Sources */,
				F40ECF181CBD37CB00890FA7 /* main.m in Sources */,
				F40ECF3D1CBD37E000890FA7 /* RootViewController.m in Sources */,
			);
			runOnlyForDeploymentPostprocessing = 0;
		};
		F40ECF1F1CBD37CB00890FA7 /* Sources */ = {
			isa = PBXSourcesBuildPhase;
			buildActionMask = 2147483647;
			files = (
				F40ECF311CBD37CB00890FA7 /* HitMouseGameTestTests.m in Sources */,
			);
			runOnlyForDeploymentPostprocessing = 0;
		};
/* End PBXSourcesBuildPhase section */

/* Begin PBXTargetDependency section */
		F40ECF291CBD37CB00890FA7 /* PBXTargetDependency */ = {
			isa = PBXTargetDependency;
			target = F40ECF071CBD37CB00890FA7 /* HitMouseGameTest */;
			targetProxy = F40ECF281CBD37CB00890FA7 /* PBXContainerItemProxy */;
		};
/* End PBXTargetDependency section */

/* Begin PBXVariantGroup section */
		F40ECF141CBD37CB00890FA7 /* InfoPlist.strings */ = {
			isa = PBXVariantGroup;
			children = (
				F40ECF151CBD37CB00890FA7 /* en */,
			);
			name = InfoPlist.strings;
			sourceTree = "<group>";
		};
		F40ECF2D1CBD37CB00890FA7 /* InfoPlist.strings */ = {
			isa = PBXVariantGroup;
			children = (
				F40ECF2E1CBD37CB00890FA7 /* en */,
			);
			name = InfoPlist.strings;
			sourceTree = "<group>";
		};
/* End PBXVariantGroup section */

/* Begin XCBuildConfiguration section */
		F40ECF321CBD37CB00890FA7 /* Debug */ = {
			isa = XCBuildConfiguration;
			buildSettings = {
				ALWAYS_SEARCH_USER_PATHS = NO;
				CLANG_CXX_LANGUAGE_STANDARD = "gnu++0x";
				CLANG_CXX_LIBRARY = "libc++";
				CLANG_ENABLE_MODULES = YES;
				CLANG_ENABLE_OBJC_ARC = YES;
				CLANG_WARN_BOOL_CONVERSION = YES;
				CLANG_WARN_CONSTANT_CONVERSION = YES;
				CLANG_WARN_DIRECT_OBJC_ISA_USAGE = YES_ERROR;
				CLANG_WARN_EMPTY_BODY = YES;
				CLANG_WARN_ENUM_CONVERSION = YES;
				CLANG_WARN_INT_CONVERSION = YES;
				CLANG_WARN_OBJC_ROOT_CLASS = YES_ERROR;
				CLANG_WARN__DUPLICATE_METHOD_MATCH = YES;
				"CODE_SIGN_IDENTITY[sdk=iphoneos*]" = "iPhone Developer";
				COPY_PHASE_STRIP = NO;
				GCC_C_LANGUAGE_STANDARD = gnu99;
				GCC_DYNAMIC_NO_PIC = NO;
				GCC_OPTIMIZATION_LEVEL = 0;
				GCC_PREPROCESSOR_DEFINITIONS = (
					"DEBUG=1",
					"$(inherited)",
				);
				GCC_SYMBOLS_PRIVATE_EXTERN = NO;
				GCC_WARN_64_TO_32_BIT_CONVERSION = YES;
				GCC_WARN_ABOUT_RETURN_TYPE = YES_ERROR;
				GCC_WARN_UNDECLARED_SELECTOR = YES;
				GCC_WARN_UNINITIALIZED_AUTOS = YES_AGGRESSIVE;
				GCC_WARN_UNUSED_FUNCTION = YES;
				GCC_WARN_UNUSED_VARIABLE = YES;
				IPHONEOS_DEPLOYMENT_TARGET = 7.1;
				ONLY_ACTIVE_ARCH = YES;
				SDKROOT = iphoneos;
			};
			name = Debug;
		};
		F40ECF331CBD37CB00890FA7 /* Release */ = {
			isa = XCBuildConfiguration;
			buildSettings = {
				ALWAYS_SEARCH_USER_PATHS = NO;
				CLANG_CXX_LANGUAGE_STANDARD = "gnu++0x";
				CLANG_CXX_LIBRARY = "libc++";
				CLANG_ENABLE_MODULES = YES;
				CLANG_ENABLE_OBJC_ARC = YES;
				CLANG_WARN_BOOL_CONVERSION = YES;
				CLANG_WARN_CONSTANT_CONVERSION = YES;
				CLANG_WARN_DIRECT_OBJC_ISA_USAGE = YES_ERROR;
				CLANG_WARN_EMPTY_BODY = YES;
				CLANG_WARN_ENUM_CONVERSION = YES;
				CLANG_WARN_INT_CONVERSION = YES;
				CLANG_WARN_OBJC_ROOT_CLASS = YES_ERROR;
				CLANG_WARN__DUPLICATE_METHOD_MATCH = YES;
				"CODE_SIGN_IDENTITY[sdk=iphoneos*]" = "iPhone Developer";
				COPY_PHASE_STRIP = YES;
				ENABLE_NS_ASSERTIONS = NO;
				GCC_C_LANGUAGE_STANDARD = gnu99;
				GCC_WARN_64_TO_32_BIT_CONVERSION = YES;
				GCC_WARN_ABOUT_RETURN_TYPE = YES_ERROR;
				GCC_WARN_UNDECLARED_SELECTOR = YES;
				GCC_WARN_UNINITIALIZED_AUTOS = YES_AGGRESSIVE;
				GCC_WARN_UNUSED_FUNCTION = YES;
				GCC_WARN_UNUSED_VARIABLE = YES;
				IPHONEOS_DEPLOYMENT_TARGET = 7.1;
				SDKROOT = iphoneos;
				VALIDATE_PRODUCT = YES;
			};
			name = Release;
		};
		F40ECF351CBD37CB00890FA7 /* Debug */ = {
			isa = XCBuildConfiguration;
			buildSettings = {
				ASSETCATALOG_COMPILER_APPICON_NAME = AppIcon;
				ASSETCATALOG_COMPILER_LAUNCHIMAGE_NAME = LaunchImage;
				GCC_PRECOMPILE_PREFIX_HEADER = YES;
				GCC_PREFIX_HEADER = "HitMouseGameTest/HitMouseGameTest-Prefix.pch";
				INFOPLIST_FILE = "HitMouseGameTest/HitMouseGameTest-Info.plist";
				PRODUCT_NAME = "$(TARGET_NAME)";
				WRAPPER_EXTENSION = app;
			};
			name = Debug;
		};
		F40ECF361CBD37CB00890FA7 /* Release */ = {
			isa = XCBuildConfiguration;
			buildSettings = {
				ASSETCATALOG_COMPILER_APPICON_NAME = AppIcon;
				ASSETCATALOG_COMPILER_LAUNCHIMAGE_NAME = LaunchImage;
				GCC_PRECOMPILE_PREFIX_HEADER = YES;
				GCC_PREFIX_HEADER = "HitMouseGameTest/HitMouseGameTest-Prefix.pch";
				INFOPLIST_FILE = "HitMouseGameTest/HitMouseGameTest-Info.plist";
				PRODUCT_NAME = "$(TARGET_NAME)";
				WRAPPER_EXTENSION = app;
			};
			name = Release;
		};
		F40ECF381CBD37CB00890FA7 /* Debug */ = {
			isa = XCBuildConfiguration;
			buildSettings = {
				BUNDLE_LOADER = "$(BUILT_PRODUCTS_DIR)/HitMouseGameTest.app/HitMouseGameTest";
				FRAMEWORK_SEARCH_PATHS = (
					"$(SDKROOT)/Developer/Library/Frameworks",
					"$(inherited)",
					"$(DEVELOPER_FRAMEWORKS_DIR)",
				);
				GCC_PRECOMPILE_PREFIX_HEADER = YES;
				GCC_PREFIX_HEADER = "HitMouseGameTest/HitMouseGameTest-Prefix.pch";
				GCC_PREPROCESSOR_DEFINITIONS = (
					"DEBUG=1",
					"$(inherited)",
				);
				INFOPLIST_FILE = "HitMouseGameTestTests/HitMouseGameTestTests-Info.plist";
				PRODUCT_NAME = "$(TARGET_NAME)";
				TEST_HOST = "$(BUNDLE_LOADER)";
				WRAPPER_EXTENSION = xctest;
			};
			name = Debug;
		};
		F40ECF391CBD37CB00890FA7 /* Release */ = {
			isa = XCBuildConfiguration;
			buildSettings = {
				BUNDLE_LOADER = "$(BUILT_PRODUCTS_DIR)/HitMouseGameTest.app/HitMouseGameTest";
				FRAMEWORK_SEARCH_PATHS = (
					"$(SDKROOT)/Developer/Library/Frameworks",
					"$(inherited)",
					"$(DEVELOPER_FRAMEWORKS_DIR)",
				);
				GCC_PRECOMPILE_PREFIX_HEADER = YES;
				GCC_PREFIX_HEADER = "HitMouseGameTest/HitMouseGameTest-Prefix.pch";
				INFOPLIST_FILE = "HitMouseGameTestTests/HitMouseGameTestTests-Info.plist";
				PRODUCT_NAME = "$(TARGET_NAME)";
				TEST_HOST = "$(BUNDLE_LOADER)";
				WRAPPER_EXTENSION = xctest;
			};
			name = Release;
		};
/* End XCBuildConfiguration section */

/* Begin XCConfigurationList section */
		F40ECF031CBD37CB00890FA7 /* Build configuration list for PBXProject "HitMouseGameTest" */ = {
			isa = XCConfigurationList;
			buildConfigurations = (
				F40ECF321CBD37CB00890FA7 /* Debug */,
				F40ECF331CBD37CB00890FA7 /* Release */,
			);
			defaultConfigurationIsVisible = 0;
			defaultConfigurationName = Release;
		};
		F40ECF341CBD37CB00890FA7 /* Build configuration list for PBXNativeTarget "HitMouseGameTest" */ = {
			isa = XCConfigurationList;
			buildConfigurations = (
				F40ECF351CBD37CB00890FA7 /* Debug */,
				F40ECF361CBD37CB00890FA7 /* Release */,
			);
			defaultConfigurationIsVisible = 0;
		};
		F40ECF371CBD37CB00890FA7 /* Build configuration list for PBXNativeTarget "HitMouseGameTestTests" */ = {
			isa = XCConfigurationList;
			buildConfigurations = (
				F40ECF381CBD37CB00890FA7 /* Debug */,
				F40ECF391CBD37CB00890FA7 /* Release */,
			);
			defaultConfigurationIsVisible = 0;
		};
/* End XCConfigurationList section */
	};
	rootObject = F40ECF001CBD37CB00890FA7 /* Project object */;
}
